
Microsoft Visual Studio Solution File, Format Version 12.00
# Visual Studio Version 17
VisualStudioVersion = 17.5.33502.453
MinimumVisualStudioVersion = 10.0.40219.1
Project("{FAE04EC0-301F-11D3-BF4B-00C04F79EFBC}") = "Foodies", "Foodies.csproj", "{8B3A84D4-0296-443C-BEEF-3E07182EEF1B}"
EndProject
Global
	GlobalSection(SolutionConfigurationPlatforms) = preSolution
		Debug|Any CPU = Debug|Any CPU
		Release|Any CPU = Release|Any CPU
	EndGlobalSection
	GlobalSection(ProjectConfigurationPlatforms) = postSolution
		{8B3A84D4-0296-443C-BEEF-3E07182EEF1B}.Debug|Any CPU.ActiveCfg = Debug|Any CPU
		{8B3A84D4-0296-443C-BEEF-3E07182EEF1B}.Debug|Any CPU.Build.0 = Debug|Any CPU
		{8B3A84D4-0296-443C-BEEF-3E07182EEF1B}.Release|Any CPU.ActiveCfg = Release|Any CPU
		{8B3A84D4-0296-443C-BEEF-3E07182EEF1B}.Release|Any CPU.Build.0 = Release|Any CPU
	EndGlobalSection
	GlobalSection(SolutionProperties) = preSolution
		HideSolutionNode = FALSE
	EndGlobalSection
	GlobalSection(ExtensibilityGlobals) = postSolution
		SolutionGuid = {6A385700-D810-47EB-9503-E9E50BD9D222}
	EndGlobalSection
EndGlobal
